// !$*UTF8*$!
{
	archiveVersion = 1;
	classes = {
	};
	objectVersion = 50;
	objects = {

/* Begin PBXBuildFile section */
		A1FBD0A0248E3FDD00143589 /* AppDelegate.swift in Sources */ = {isa = PBXBuildFile; fileRef = A1FBD09F248E3FDD00143589 /* AppDelegate.swift */; };
		A1FBD0A2248E3FDD00143589 /* SceneDelegate.swift in Sources */ = {isa = PBXBuildFile; fileRef = A1FBD0A1248E3FDD00143589 /* SceneDelegate.swift */; };
		A1FBD0A4248E3FDD00143589 /* ViewController.swift in Sources */ = {isa = PBXBuildFile; fileRef = A1FBD0A3248E3FDD00143589 /* ViewController.swift */; };
		A1FBD0A7248E3FDD00143589 /* Main.storyboard in Resources */ = {isa = PBXBuildFile; fileRef = A1FBD0A5248E3FDD00143589 /* Main.storyboard */; };
		A1FBD0A9248E3FE800143589 /* Assets.xcassets in Resources */ = {isa = PBXBuildFile; fileRef = A1FBD0A8248E3FE800143589 /* Assets.xcassets */; };
		A1FBD0AC248E3FE800143589 /* LaunchScreen.storyboard in Resources */ = {isa = PBXBuildFile; fileRef = A1FBD0AA248E3FE800143589 /* LaunchScreen.storyboard */; };
		A1FBD0B4248E409200143589 /* Inceptionv3.mlmodel in Sources */ = {isa = PBXBuildFile; fileRef = A1FBD0B3248E409200143589 /* Inceptionv3.mlmodel */; };
/* End PBXBuildFile section */

/* Begin PBXFileReference section */
		A1FBD09C248E3FDD00143589 /* HotdogOrNot?.app */ = {isa = PBXFileReference; explicitFileType = wrapper.application; includeInIndex = 0; path = "HotdogOrNot?.app"; sourceTree = BUILT_PRODUCTS_DIR; };
		A1FBD09F248E3FDD00143589 /* AppDelegate.swift */ = {isa = PBXFileReference; lastKnownFileType = sourcecode.swift; path = AppDelegate.swift; sourceTree = "<group>"; };
		A1FBD0A1248E3FDD00143589 /* SceneDelegate.swift */ = {isa = PBXFileReference; lastKnownFileType = sourcecode.swift; path = SceneDelegate.swift; sourceTree = "<group>"; };
		A1FBD0A3248E3FDD00143589 /* ViewController.swift */ = {isa = PBXFileReference; lastKnownFileType = sourcecode.swift; path = ViewController.swift; sourceTree = "<group>"; };
		A1FBD0A6248E3FDD00143589 /* Base */ = {isa = PBXFileReference; lastKnownFileType = file.storyboard; name = Base; path = Base.lproj/Main.storyboard; sourceTree = "<group>"; };
		A1FBD0A8248E3FE800143589 /* Assets.xcassets */ = {isa = PBXFileReference; lastKnownFileType = folder.assetcatalog; path = Assets.xcassets; sourceTree = "<group>"; };
		A1FBD0AB248E3FE800143589 /* Base */ = {isa = PBXFileReference; lastKnownFileType = file.storyboard; name = Base; path = Base.lproj/LaunchScreen.storyboard; sourceTree = "<group>"; };
		A1FBD0AD248E3FE800143589 /* Info.plist */ = {isa = PBXFileReference; lastKnownFileType = text.plist.xml; path = Info.plist; sourceTree = "<group>"; };
		A1FBD0B3248E409200143589 /* Inceptionv3.mlmodel */ = {isa = PBXFileReference; lastKnownFileType = file.mlmodel; path = Inceptionv3.mlmodel; sourceTree = "<group>"; };
/* End PBXFileReference section */

/* Begin PBXFrameworksBuildPhase section */
		A1FBD099248E3FDD00143589 /* Frameworks */ = {
			isa = PBXFrameworksBuildPhase;
			buildActionMask = 2147483647;
			files = (
			);
			runOnlyForDeploymentPostprocessing = 0;
		};
/* End PBXFrameworksBuildPhase section */

/* Begin PBXGroup section */
		A1FBD093248E3FDD00143589 = {
			isa = PBXGroup;
			children = (
				A1FBD09E248E3FDD00143589 /* HotdogOrNot? */,
				A1FBD09D248E3FDD00143589 /* Products */,
			);
			sourceTree = "<group>";
		};
		A1FBD09D248E3FDD00143589 /* Products */ = {
			isa = PBXGroup;
			children = (
				A1FBD09C248E3FDD00143589 /* HotdogOrNot?.app */,
			);
			name = Products;
			sourceTree = "<group>";
		};
		A1FBD09E248E3FDD00143589 /* HotdogOrNot? */ = {
			isa = PBXGroup;
			children = (
				A1FBD09F248E3FDD00143589 /* AppDelegate.swift */,
				A1FBD0A1248E3FDD00143589 /* SceneDelegate.swift */,
				A1FBD0A3248E3FDD00143589 /* ViewController.swift */,
				A1FBD0A5248E3FDD00143589 /* Main.storyboard */,
				A1FBD0A8248E3FE800143589 /* Assets.xcassets */,
				A1FBD0AA248E3FE800143589 /* LaunchScreen.storyboard */,
				A1FBD0B3248E409200143589 /* Inceptionv3.mlmodel */,
				A1FBD0AD248E3FE800143589 /* Info.plist */,
			);
			path = "HotdogOrNot?";
			sourceTree = "<group>";
		};
/* End PBXGroup section */

/* Begin PBXNativeTarget section */
		A1FBD09B248E3FDD00143589 /* HotdogOrNot? */ = {
			isa = PBXNativeTarget;
			buildConfigurationList = A1FBD0B0248E3FE800143589 /* Build configuration list for PBXNativeTarget "HotdogOrNot?" */;
			buildPhases = (
				A1FBD098248E3FDD00143589 /* Sources */,
				A1FBD099248E3FDD00143589 /* Frameworks */,
				A1FBD09A248E3FDD00143589 /* Resources */,
			);
			buildRules = (
			);
			dependencies = (
			);
			name = "HotdogOrNot?";
			productName = "HotdogOrNot?";
			productReference = A1FBD09C248E3FDD00143589 /* HotdogOrNot?.app */;
			productType = "com.apple.product-type.application";
		};
/* End PBXNativeTarget section */

/* Begin PBXProject section */
		A1FBD094248E3FDD00143589 /* Project object */ = {
			isa = PBXProject;
			attributes = {
				LastSwiftUpdateCheck = 1150;
				LastUpgradeCheck = 1150;
				ORGANIZATIONNAME = "Milan Parađina";
				TargetAttributes = {
					A1FBD09B248E3FDD00143589 = {
						CreatedOnToolsVersion = 11.5;
					};
				};
			};
			buildConfigurationList = A1FBD097248E3FDD00143589 /* Build configuration list for PBXProject "HotdogOrNot?" */;
			compatibilityVersion = "Xcode 9.3";
			developmentRegion = en;
			hasScannedForEncodings = 0;
			knownRegions = (
				en,
				Base,
			);
			mainGroup = A1FBD093248E3FDD00143589;
			productRefGroup = A1FBD09D248E3FDD00143589 /* Products */;
			projectDirPath = "";
			projectRoot = "";
			targets = (
				A1FBD09B248E3FDD00143589 /* HotdogOrNot? */,
			);
		};
/* End PBXProject section */

/* Begin PBXResourcesBuildPhase section */
		A1FBD09A248E3FDD00143589 /* Resources */ = {
			isa = PBXResourcesBuildPhase;
			buildActionMask = 2147483647;
			files = (
				A1FBD0AC248E3FE800143589 /* LaunchScreen.storyboard in Resources */,
				A1FBD0A9248E3FE800143589 /* Assets.xcassets in Resources */,
				A1FBD0A7248E3FDD00143589 /* Main.storyboard in Resources */,
			);
			runOnlyForDeploymentPostprocessing = 0;
		};
/* End PBXResourcesBuildPhase section */

/* Begin PBXSourcesBuildPhase section */
		A1FBD098248E3FDD00143589 /* Sources */ = {
			isa = PBXSourcesBuildPhase;
			buildActionMask = 2147483647;
			files = (
				A1FBD0A4248E3FDD00143589 /* ViewController.swift in Sources */,
				A1FBD0B4248E409200143589 /* Inceptionv3.mlmodel in Sources */,
				A1FBD0A0248E3FDD00143589 /* AppDelegate.swift in Sources */,
				A1FBD0A2248E3FDD00143589 /* SceneDelegate.swift in Sources */,
			);
			runOnlyForDeploymentPostprocessing = 0;
		};
/* End PBXSourcesBuildPhase section */

/* Begin PBXVariantGroup section */
		A1FBD0A5248E3FDD00143589 /* Main.storyboard */ = {
			isa = PBXVariantGroup;
			children = (
				A1FBD0A6248E3FDD00143589 /* Base */,
			);
			name = Main.storyboard;
			sourceTree = "<group>";
		};
		A1FBD0AA248E3FE800143589 /* LaunchScreen.storyboard */ = {
			isa = PBXVariantGroup;
			children = (
				A1FBD0AB248E3FE800143589 /* Base */,
			);
			name = LaunchScreen.storyboard;
			sourceTree = "<group>";
		};
/* End PBXVariantGroup section */

/* Begin XCBuildConfiguration section */
		A1FBD0AE248E3FE800143589 /* Debug */ = {
			isa = XCBuildConfiguration;
			buildSettings = {
				ALWAYS_SEARCH_USER_PATHS = NO;
				CLANG_ANALYZER_NONNULL = YES;
				CLANG_ANALYZER_NUMBER_OBJECT_CONVERSION = YES_AGGRESSIVE;
				CLANG_CXX_LANGUAGE_STANDARD = "gnu++14";
				CLANG_CXX_LIBRARY = "libc++";
				CLANG_ENABLE_MODULES = YES;
				CLANG_ENABLE_OBJC_ARC = YES;
				CLANG_ENABLE_OBJC_WEAK = YES;
				CLANG_WARN_BLOCK_CAPTURE_AUTORELEASING = YES;
				CLANG_WARN_BOOL_CONVERSION = YES;
				CLANG_WARN_COMMA = YES;
				CLANG_WARN_CONSTANT_CONVERSION = YES;
				CLANG_WARN_DEPRECATED_OBJC_IMPLEMENTATIONS = YES;
				CLANG_WARN_DIRECT_OBJC_ISA_USAGE = YES_ERROR;
				CLANG_WARN_DOCUMENTATION_COMMENTS = YES;
				CLANG_WARN_EMPTY_BODY = YES;
				CLANG_WARN_ENUM_CONVERSION = YES;
				CLANG_WARN_INFINITE_RECURSION = YES;
				CLANG_WARN_INT_CONVERSION = YES;
				CLANG_WARN_NON_LITERAL_NULL_CONVERSION = YES;
				CLANG_WARN_OBJC_IMPLICIT_RETAIN_SELF = YES;
				CLANG_WARN_OBJC_LITERAL_CONVERSION = YES;
				CLANG_WARN_OBJC_ROOT_CLASS = YES_ERROR;
				CLANG_WARN_RANGE_LOOP_ANALYSIS = YES;
				CLANG_WARN_STRICT_PROTOTYPES = YES;
				CLANG_WARN_SUSPICIOUS_MOVE = YES;
				CLANG_WARN_UNGUARDED_AVAILABILITY = YES_AGGRESSIVE;
				CLANG_WARN_UNREACHABLE_CODE = YES;
				CLANG_WARN__DUPLICATE_METHOD_MATCH = YES;
				COPY_PHASE_STRIP = NO;
				DEBUG_INFORMATION_FORMAT = dwarf;
				ENABLE_STRICT_OBJC_MSGSEND = YES;
				ENABLE_TESTABILITY = YES;
				GCC_C_LANGUAGE_STANDARD = gnu11;
				GCC_DYNAMIC_NO_PIC = NO;
				GCC_NO_COMMON_BLOCKS = YES;
				GCC_OPTIMIZATION_LEVEL = 0;
				GCC_PREPROCESSOR_DEFINITIONS = (
					"DEBUG=1",
					"$(inherited)",
				);
				GCC_WARN_64_TO_32_BIT_CONVERSION = YES;
				GCC_WARN_ABOUT_RETURN_TYPE = YES_ERROR;
				GCC_WARN_UNDECLARED_SELECTOR = YES;
				GCC_WARN_UNINITIALIZED_AUTOS = YES_AGGRESSIVE;
				GCC_WARN_UNUSED_FUNCTION = YES;
				GCC_WARN_UNUSED_VARIABLE = YES;
				IPHONEOS_DEPLOYMENT_TARGET = 13.5;
				MTL_ENABLE_DEBUG_INFO = INCLUDE_SOURCE;
				MTL_FAST_MATH = YES;
				ONLY_ACTIVE_ARCH = YES;
				SDKROOT = iphoneos;
				SWIFT_ACTIVE_COMPILATION_CONDITIONS = DEBUG;
				SWIFT_OPTIMIZATION_LEVEL = "-Onone";
			};
			name = Debug;
		};
		A1FBD0AF248E3FE800143589 /* Release */ = {
			isa = XCBuildConfiguration;
			buildSettings = {
				ALWAYS_SEARCH_USER_PATHS = NO;
				CLANG_ANALYZER_NONNULL = YES;
				CLANG_ANALYZER_NUMBER_OBJECT_CONVERSION = YES_AGGRESSIVE;
				CLANG_CXX_LANGUAGE_STANDARD = "gnu++14";
				CLANG_CXX_LIBRARY = "libc++";
				CLANG_ENABLE_MODULES = YES;
				CLANG_ENABLE_OBJC_ARC = YES;
				CLANG_ENABLE_OBJC_WEAK = YES;
				CLANG_WARN_BLOCK_CAPTURE_AUTORELEASING = YES;
				CLANG_WARN_BOOL_CONVERSION = YES;
				CLANG_WARN_COMMA = YES;
				CLANG_WARN_CONSTANT_CONVERSION = YES;
				CLANG_WARN_DEPRECATED_OBJC_IMPLEMENTATIONS = YES;
				CLANG_WARN_DIRECT_OBJC_ISA_USAGE = YES_ERROR;
				CLANG_WARN_DOCUMENTATION_COMMENTS = YES;
				CLANG_WARN_EMPTY_BODY = YES;
				CLANG_WARN_ENUM_CONVERSION = YES;
				CLANG_WARN_INFINITE_RECURSION = YES;
				CLANG_WARN_INT_CONVERSION = YES;
				CLANG_WARN_NON_LITERAL_NULL_CONVERSION = YES;
				CLANG_WARN_OBJC_IMPLICIT_RETAIN_SELF = YES;
				CLANG_WARN_OBJC_LITERAL_CONVERSION = YES;
				CLANG_WARN_OBJC_ROOT_CLASS = YES_ERROR;
				CLANG_WARN_RANGE_LOOP_ANALYSIS = YES;
				CLANG_WARN_STRICT_PROTOTYPES = YES;
				CLANG_WARN_SUSPICIOUS_MOVE = YES;
				CLANG_WARN_UNGUARDED_AVAILABILITY = YES_AGGRESSIVE;
				CLANG_WARN_UNREACHABLE_CODE = YES;
				CLANG_WARN__DUPLICATE_METHOD_MATCH = YES;
				COPY_PHASE_STRIP = NO;
				DEBUG_INFORMATION_FORMAT = "dwarf-with-dsym";
				ENABLE_NS_ASSERTIONS = NO;
				ENABLE_STRICT_OBJC_MSGSEND = YES;
				GCC_C_LANGUAGE_STANDARD = gnu11;
				GCC_NO_COMMON_BLOCKS = YES;
				GCC_WARN_64_TO_32_BIT_CONVERSION = YES;
				GCC_WARN_ABOUT_RETURN_TYPE = YES_ERROR;
				GCC_WARN_UNDECLARED_SELECTOR = YES;
				GCC_WARN_UNINITIALIZED_AUTOS = YES_AGGRESSIVE;
				GCC_WARN_UNUSED_FUNCTION = YES;
				GCC_WARN_UNUSED_VARIABLE = YES;
				IPHONEOS_DEPLOYMENT_TARGET = 13.5;
				MTL_ENABLE_DEBUG_INFO = NO;
				MTL_FAST_MATH = YES;
				SDKROOT = iphoneos;
				SWIFT_COMPILATION_MODE = wholemodule;
				SWIFT_OPTIMIZATION_LEVEL = "-O";
				VALIDATE_PRODUCT = YES;
			};
			name = Release;
		};
		A1FBD0B1248E3FE800143589 /* Debug */ = {
			isa = XCBuildConfiguration;
			buildSettings = {
				ASSETCATALOG_COMPILER_APPICON_NAME = AppIcon;
				CODE_SIGN_STYLE = Automatic;
				DEVELOPMENT_TEAM = C582M7Z823;
				INFOPLIST_FILE = "HotdogOrNot?/Info.plist";
				LD_RUNPATH_SEARCH_PATHS = (
					"$(inherited)",
					"@executable_path/Frameworks",
				);
				PRODUCT_BUNDLE_IDENTIFIER = com.miPar.hotdogornot;
				PRODUCT_NAME = "$(TARGET_NAME)";
				SWIFT_VERSION = 5.0;
				TARGETED_DEVICE_FAMILY = "1,2";
			};
			name = Debug;
		};
		A1FBD0B2248E3FE800143589 /* Release */ = {
			isa = XCBuildConfiguration;
			buildSettings = {
				ASSETCATALOG_COMPILER_APPICON_NAME = AppIcon;
				CODE_SIGN_STYLE = Automatic;
				DEVELOPMENT_TEAM = C582M7Z823;
				INFOPLIST_FILE = "HotdogOrNot?/Info.plist";
				LD_RUNPATH_SEARCH_PATHS = (
					"$(inherited)",
					"@executable_path/Frameworks",
				);
				PRODUCT_BUNDLE_IDENTIFIER = com.miPar.hotdogornot;
				PRODUCT_NAME = "$(TARGET_NAME)";
				SWIFT_VERSION = 5.0;
				TARGETED_DEVICE_FAMILY = "1,2";
			};
			name = Release;
		};
/* End XCBuildConfiguration section */

/* Begin XCConfigurationList section */
		A1FBD097248E3FDD00143589 /* Build configuration list for PBXProject "HotdogOrNot?" */ = {
			isa = XCConfigurationList;
			buildConfigurations = (
				A1FBD0AE248E3FE800143589 /* Debug */,
				A1FBD0AF248E3FE800143589 /* Release */,
			);
			defaultConfigurationIsVisible = 0;
			defaultConfigurationName = Release;
		};
		A1FBD0B0248E3FE800143589 /* Build configuration list for PBXNativeTarget "HotdogOrNot?" */ = {
			isa = XCConfigurationList;
			buildConfigurations = (
				A1FBD0B1248E3FE800143589 /* Debug */,
				A1FBD0B2248E3FE800143589 /* Release */,
			);
			defaultConfigurationIsVisible = 0;
			defaultConfigurationName = Release;
		};
/* End XCConfigurationList section */
	};
	rootObject = A1FBD094248E3FDD00143589 /* Project object */;
}
